
Microsoft Visual Studio Solution File, Format Version 12.00
# Visual Studio Version 16
VisualStudioVersion = 16.0.30907.101
MinimumVisualStudioVersion = 10.0.40219.1
Project("{FAE04EC0-301F-11D3-BF4B-00C04F79EFBC}") = "Mock Assessment 5a", "Mock Assessment 5a\Mock Assessment 5a.csproj", "{CF75CB4B-9A26-46C9-ABC2-7FA3D9231309}"
EndProject
Global
	GlobalSection(SolutionConfigurationPlatforms) = preSolution
		Debug|Any CPU = Debug|Any CPU
		Release|Any CPU = Release|Any CPU
	EndGlobalSection
	GlobalSection(ProjectConfigurationPlatforms) = postSolution
		{CF75CB4B-9A26-46C9-ABC2-7FA3D9231309}.Debug|Any CPU.ActiveCfg = Debug|Any CPU
		{CF75CB4B-9A26-46C9-ABC2-7FA3D9231309}.Debug|Any CPU.Build.0 = Debug|Any CPU
		{CF75CB4B-9A26-46C9-ABC2-7FA3D9231309}.Release|Any CPU.ActiveCfg = Release|Any CPU
		{CF75CB4B-9A26-46C9-ABC2-7FA3D9231309}.Release|Any CPU.Build.0 = Release|Any CPU
	EndGlobalSection
	GlobalSection(SolutionProperties) = preSolution
		HideSolutionNode = FALSE
	EndGlobalSection
	GlobalSection(ExtensibilityGlobals) = postSolution
		SolutionGuid = {FD8388FA-8D12-4713-823F-42EDCD5DF20C}
	EndGlobalSection
EndGlobal
